
Microsoft Visual Studio Solution File, Format Version 12.00
# Visual Studio Version 17
VisualStudioVersion = 17.14.36429.23
MinimumVisualStudioVersion = 10.0.40219.1
Project("{FAE04EC0-301F-11D3-BF4B-00C04F79EFBC}") = "APr4v4", "APr4v4\APr4v4.csproj", "{0B1C5511-D43C-458B-8ED4-16A3EB96F23B}"
EndProject
Project("{FAE04EC0-301F-11D3-BF4B-00C04F79EFBC}") = "UnitTestProject", "UnitTestProject\UnitTestProject.csproj", "{CEBF9071-C22D-440D-A7BE-7B6B7FB6BC19}"
EndProject
Global
	GlobalSection(SolutionConfigurationPlatforms) = preSolution
		Debug|Any CPU = Debug|Any CPU
		Release|Any CPU = Release|Any CPU
	EndGlobalSection
	GlobalSection(ProjectConfigurationPlatforms) = postSolution
		{0B1C5511-D43C-458B-8ED4-16A3EB96F23B}.Debug|Any CPU.ActiveCfg = Debug|Any CPU
		{0B1C5511-D43C-458B-8ED4-16A3EB96F23B}.Debug|Any CPU.Build.0 = Debug|Any CPU
		{0B1C5511-D43C-458B-8ED4-16A3EB96F23B}.Release|Any CPU.ActiveCfg = Release|Any CPU
		{0B1C5511-D43C-458B-8ED4-16A3EB96F23B}.Release|Any CPU.Build.0 = Release|Any CPU
		{CEBF9071-C22D-440D-A7BE-7B6B7FB6BC19}.Debug|Any CPU.ActiveCfg = Debug|Any CPU
		{CEBF9071-C22D-440D-A7BE-7B6B7FB6BC19}.Debug|Any CPU.Build.0 = Debug|Any CPU
		{CEBF9071-C22D-440D-A7BE-7B6B7FB6BC19}.Release|Any CPU.ActiveCfg = Release|Any CPU
		{CEBF9071-C22D-440D-A7BE-7B6B7FB6BC19}.Release|Any CPU.Build.0 = Release|Any CPU
	EndGlobalSection
	GlobalSection(SolutionProperties) = preSolution
		HideSolutionNode = FALSE
	EndGlobalSection
	GlobalSection(ExtensibilityGlobals) = postSolution
		SolutionGuid = {FE3D8B7B-A19E-4139-BDFB-BEBE6EEB5AB3}
	EndGlobalSection
EndGlobal
